{
  "dependencies": {
    "ansi-styles": {
      "version": "1.0.0",
      "from": "ansi-styles@>=1.0.0 <1.1.0",
      "resolved": "https://registry.npmjs.org/ansi-styles/-/ansi-styles-1.0.0.tgz"
    },
    "apidoc": {
      "version": "0.15.1",
      "from": "apidoc@>=0.15.1 <0.16.0",
      "resolved": "https://registry.npmjs.org/apidoc/-/apidoc-0.15.1.tgz"
    },
    "apidoc-core": {
      "version": "0.6.1",
      "from": "apidoc-core@>=0.6.1 <0.7.0",
      "resolved": "https://registry.npmjs.org/apidoc-core/-/apidoc-core-0.6.1.tgz"
    },
    "argparse": {
      "version": "1.0.7",
      "from": "argparse@>=1.0.7 <2.0.0",
      "resolved": "https://registry.npmjs.org/argparse/-/argparse-1.0.7.tgz"
    },
    "async": {
      "version": "1.0.0",
      "from": "async@>=1.0.0 <1.1.0",
      "resolved": "https://registry.npmjs.org/async/-/async-1.0.0.tgz"
    },
    "balanced-match": {
      "version": "0.3.0",
      "from": "balanced-match@>=0.3.0 <0.4.0",
      "resolved": "https://registry.npmjs.org/balanced-match/-/balanced-match-0.3.0.tgz"
    },
    "brace-expansion": {
      "version": "1.1.3",
      "from": "brace-expansion@>=1.0.0 <2.0.0",
      "resolved": "https://registry.npmjs.org/brace-expansion/-/brace-expansion-1.1.3.tgz"
    },
    "chalk": {
      "version": "0.4.0",
      "from": "chalk@>=0.4.0 <0.5.0",
      "resolved": "https://registry.npmjs.org/chalk/-/chalk-0.4.0.tgz"
    },
    "colors": {
      "version": "1.0.3",
      "from": "colors@>=1.0.0 <1.1.0",
      "resolved": "https://registry.npmjs.org/colors/-/colors-1.0.3.tgz"
    },
    "concat-map": {
      "version": "0.0.1",
      "from": "concat-map@0.0.1",
      "resolved": "https://registry.npmjs.org/concat-map/-/concat-map-0.0.1.tgz"
    },
    "cycle": {
      "version": "1.0.3",
      "from": "cycle@>=1.0.0 <1.1.0",
      "resolved": "https://registry.npmjs.org/cycle/-/cycle-1.0.3.tgz"
    },
    "entities": {
      "version": "1.1.1",
      "from": "entities@>=1.1.1 <1.2.0",
      "resolved": "https://registry.npmjs.org/entities/-/entities-1.1.1.tgz"
    },
    "eyes": {
      "version": "0.1.8",
      "from": "eyes@>=0.1.0 <0.2.0",
      "resolved": "https://registry.npmjs.org/eyes/-/eyes-0.1.8.tgz"
    },
    "fs-extra": {
      "version": "0.26.7",
      "from": "fs-extra@>=0.26.5 <0.27.0",
      "resolved": "https://registry.npmjs.org/fs-extra/-/fs-extra-0.26.7.tgz"
    },
    "glob": {
      "version": "7.0.3",
      "from": "glob@>=7.0.0 <8.0.0",
      "resolved": "https://registry.npmjs.org/glob/-/glob-7.0.3.tgz"
    },
    "graceful-fs": {
      "version": "4.1.3",
      "from": "graceful-fs@>=4.1.2 <5.0.0",
      "resolved": "https://registry.npmjs.org/graceful-fs/-/graceful-fs-4.1.3.tgz"
    },
    "has-color": {
      "version": "0.1.7",
      "from": "has-color@>=0.1.0 <0.2.0",
      "resolved": "https://registry.npmjs.org/has-color/-/has-color-0.1.7.tgz"
    },
    "inflight": {
      "version": "1.0.4",
      "from": "inflight@>=1.0.4 <2.0.0",
      "resolved": "https://registry.npmjs.org/inflight/-/inflight-1.0.4.tgz"
    },
    "inherits": {
      "version": "2.0.1",
      "from": "inherits@>=2.0.0 <3.0.0",
      "resolved": "https://registry.npmjs.org/inherits/-/inherits-2.0.1.tgz"
    },
    "isstream": {
      "version": "0.1.2",
      "from": "isstream@>=0.1.0 <0.2.0",
      "resolved": "https://registry.npmjs.org/isstream/-/isstream-0.1.2.tgz"
    },
    "jsonfile": {
      "version": "2.3.0",
      "from": "jsonfile@>=2.1.0 <3.0.0",
      "resolved": "https://registry.npmjs.org/jsonfile/-/jsonfile-2.3.0.tgz"
    },
    "klaw": {
      "version": "1.2.0",
      "from": "klaw@>=1.0.0 <2.0.0",
      "resolved": "https://registry.npmjs.org/klaw/-/klaw-1.2.0.tgz"
    },
    "linkify-it": {
      "version": "1.2.0",
      "from": "linkify-it@>=1.2.0 <1.3.0",
      "resolved": "https://registry.npmjs.org/linkify-it/-/linkify-it-1.2.0.tgz"
    },
    "lodash": {
      "version": "4.5.1",
      "from": "lodash@>=4.5.0 <4.6.0",
      "resolved": "https://registry.npmjs.org/lodash/-/lodash-4.5.1.tgz"
    },
    "markdown-it": {
      "version": "6.0.1",
      "from": "markdown-it@>=6.0.0 <7.0.0",
      "resolved": "https://registry.npmjs.org/markdown-it/-/markdown-it-6.0.1.tgz"
    },
    "mdurl": {
      "version": "1.0.1",
      "from": "mdurl@>=1.0.1 <1.1.0",
      "resolved": "https://registry.npmjs.org/mdurl/-/mdurl-1.0.1.tgz"
    },
    "minimatch": {
      "version": "3.0.0",
      "from": "minimatch@>=2.0.0 <3.0.0||>=3.0.0 <4.0.0",
      "resolved": "https://registry.npmjs.org/minimatch/-/minimatch-3.0.0.tgz"
    },
    "nomnom": {
      "version": "1.8.1",
      "from": "nomnom@>=1.8.1 <1.9.0",
      "resolved": "https://registry.npmjs.org/nomnom/-/nomnom-1.8.1.tgz"
    },
    "once": {
      "version": "1.3.3",
      "from": "once@>=1.3.0 <2.0.0",
      "resolved": "https://registry.npmjs.org/once/-/once-1.3.3.tgz"
    },
    "path-is-absolute": {
      "version": "1.0.0",
      "from": "path-is-absolute@>=1.0.0 <2.0.0",
      "resolved": "https://registry.npmjs.org/path-is-absolute/-/path-is-absolute-1.0.0.tgz"
    },
    "pkginfo": {
      "version": "0.3.1",
      "from": "pkginfo@>=0.3.0 <0.4.0",
      "resolved": "https://registry.npmjs.org/pkginfo/-/pkginfo-0.3.1.tgz"
    },
    "rimraf": {
      "version": "2.5.2",
      "from": "rimraf@>=2.2.8 <3.0.0",
      "resolved": "https://registry.npmjs.org/rimraf/-/rimraf-2.5.2.tgz"
    },
    "semver": {
      "version": "5.1.0",
      "from": "semver@>=5.1.0 <5.2.0",
      "resolved": "https://registry.npmjs.org/semver/-/semver-5.1.0.tgz"
    },
    "sprintf-js": {
      "version": "1.0.3",
      "from": "sprintf-js@>=1.0.2 <1.1.0",
      "resolved": "https://registry.npmjs.org/sprintf-js/-/sprintf-js-1.0.3.tgz"
    },
    "stack-trace": {
      "version": "0.0.9",
      "from": "stack-trace@>=0.0.0 <0.1.0",
      "resolved": "https://registry.npmjs.org/stack-trace/-/stack-trace-0.0.9.tgz"
    },
    "strip-ansi": {
      "version": "0.1.1",
      "from": "strip-ansi@>=0.1.0 <0.2.0",
      "resolved": "https://registry.npmjs.org/strip-ansi/-/strip-ansi-0.1.1.tgz"
    },
    "uc.micro": {
      "version": "1.0.0",
      "from": "uc.micro@>=1.0.0 <2.0.0",
      "resolved": "https://registry.npmjs.org/uc.micro/-/uc.micro-1.0.0.tgz"
    },
    "underscore": {
      "version": "1.6.0",
      "from": "underscore@>=1.6.0 <1.7.0",
      "resolved": "https://registry.npmjs.org/underscore/-/underscore-1.6.0.tgz"
    },
    "winston": {
      "version": "2.1.1",
      "from": "winston@>=2.1.1 <2.2.0",
      "resolved": "https://registry.npmjs.org/winston/-/winston-2.1.1.tgz"
    },
    "wrappy": {
      "version": "1.0.1",
      "from": "wrappy@>=1.0.0 <2.0.0",
      "resolved": "https://registry.npmjs.org/wrappy/-/wrappy-1.0.1.tgz"
    },
    "wrench": {
      "version": "1.5.9",
      "from": "wrench@>=1.5.8 <1.6.0",
      "resolved": "https://registry.npmjs.org/wrench/-/wrench-1.5.9.tgz"
    }
  }
}
